
Microsoft Visual Studio Solution File, Format Version 12.00
# Visual Studio Version 17
VisualStudioVersion = 17.11.35312.102
MinimumVisualStudioVersion = 10.0.40219.1
Project("{FAE04EC0-301F-11D3-BF4B-00C04F79EFBC}") = "SportRadarLibraryTestSuite", "..\SportRadarLibraryTestSuite\SportRadarLibraryTestSuite.csproj", "{E21D4E53-1028-4084-84CA-04EEFD15DC3D}"
EndProject
Project("{FAE04EC0-301F-11D3-BF4B-00C04F79EFBC}") = "SportradarLibrary", "..\SportradarLibrary\SportradarLibrary.csproj", "{0F501FED-D0AB-45E1-989D-75A896300422}"
EndProject
Global
	GlobalSection(SolutionConfigurationPlatforms) = preSolution
		Debug|Any CPU = Debug|Any CPU
		Release|Any CPU = Release|Any CPU
	EndGlobalSection
	GlobalSection(ProjectConfigurationPlatforms) = postSolution
		{E21D4E53-1028-4084-84CA-04EEFD15DC3D}.Debug|Any CPU.ActiveCfg = Debug|Any CPU
		{E21D4E53-1028-4084-84CA-04EEFD15DC3D}.Debug|Any CPU.Build.0 = Debug|Any CPU
		{E21D4E53-1028-4084-84CA-04EEFD15DC3D}.Release|Any CPU.ActiveCfg = Release|Any CPU
		{E21D4E53-1028-4084-84CA-04EEFD15DC3D}.Release|Any CPU.Build.0 = Release|Any CPU
		{0F501FED-D0AB-45E1-989D-75A896300422}.Debug|Any CPU.ActiveCfg = Debug|Any CPU
		{0F501FED-D0AB-45E1-989D-75A896300422}.Debug|Any CPU.Build.0 = Debug|Any CPU
		{0F501FED-D0AB-45E1-989D-75A896300422}.Release|Any CPU.ActiveCfg = Release|Any CPU
		{0F501FED-D0AB-45E1-989D-75A896300422}.Release|Any CPU.Build.0 = Release|Any CPU
	EndGlobalSection
	GlobalSection(SolutionProperties) = preSolution
		HideSolutionNode = FALSE
	EndGlobalSection
	GlobalSection(ExtensibilityGlobals) = postSolution
		SolutionGuid = {7830F908-1B4B-4599-90F3-32D9329E9103}
	EndGlobalSection
EndGlobal
